// !$*UTF8*$!
{
	archiveVersion = 1;
	classes = {
	};
	objectVersion = 48;
	objects = {

/* Begin PBXBuildFile section */
		1C0292081FD7EFF10064EF9E /* BBViewController.swift in Sources */ = {isa = PBXBuildFile; fileRef = 1C0292071FD7EFF10064EF9E /* BBViewController.swift */; };
		1C2776C31FDE85880007679F /* TextShineViewController.swift in Sources */ = {isa = PBXBuildFile; fileRef = 1C2776C21FDE85880007679F /* TextShineViewController.swift */; };
		1C2776C51FDE85990007679F /* YXShineLabel.swift in Sources */ = {isa = PBXBuildFile; fileRef = 1C2776C41FDE85990007679F /* YXShineLabel.swift */; };
		1C39F9401FD67A3300D00BC7 /* SnowViewController.swift in Sources */ = {isa = PBXBuildFile; fileRef = 1C39F93F1FD67A3300D00BC7 /* SnowViewController.swift */; };
		1C39F9491FD67AF500D00BC7 /* snow_1.png in Resources */ = {isa = PBXBuildFile; fileRef = 1C39F9431FD67AF500D00BC7 /* snow_1.png */; };
		1C39F94A1FD67AF500D00BC7 /* snow_2.png in Resources */ = {isa = PBXBuildFile; fileRef = 1C39F9441FD67AF500D00BC7 /* snow_2.png */; };
		1C39F94B1FD67AF500D00BC7 /* snow_3.png in Resources */ = {isa = PBXBuildFile; fileRef = 1C39F9451FD67AF500D00BC7 /* snow_3.png */; };
		1C39F94C1FD67AF500D00BC7 /* snow_4.png in Resources */ = {isa = PBXBuildFile; fileRef = 1C39F9461FD67AF500D00BC7 /* snow_4.png */; };
		1C39F94D1FD67AF500D00BC7 /* snow_5.png in Resources */ = {isa = PBXBuildFile; fileRef = 1C39F9471FD67AF500D00BC7 /* snow_5.png */; };
		1C39F9501FD684C000D00BC7 /* ParticleEffecViewController.swift in Sources */ = {isa = PBXBuildFile; fileRef = 1C39F94F1FD684C000D00BC7 /* ParticleEffecViewController.swift */; };
		1C39F9581FD6858100D00BC7 /* snow@2x.png in Resources */ = {isa = PBXBuildFile; fileRef = 1C39F9521FD6858100D00BC7 /* snow@2x.png */; };
		1C39F9601FD6883500D00BC7 /* FireworksViewController.swift in Sources */ = {isa = PBXBuildFile; fileRef = 1C39F95F1FD6883500D00BC7 /* FireworksViewController.swift */; };
		1C39F9661FD78A0B00D00BC7 /* rocket.png in Resources */ = {isa = PBXBuildFile; fileRef = 1C39F9641FD78A0B00D00BC7 /* rocket.png */; };
		1C39F9671FD78A0B00D00BC7 /* spark.png in Resources */ = {isa = PBXBuildFile; fileRef = 1C39F9651FD78A0B00D00BC7 /* spark.png */; };
		1C39F9691FD794A100D00BC7 /* YXViewController.swift in Sources */ = {isa = PBXBuildFile; fileRef = 1C39F9681FD794A100D00BC7 /* YXViewController.swift */; };
		1C3D8C221FD94B43000600D6 /* YXShapLayer.swift in Sources */ = {isa = PBXBuildFile; fileRef = 1C3D8C211FD94B43000600D6 /* YXShapLayer.swift */; };
		1C3D8C241FD94B71000600D6 /* QQShapViewController.swift in Sources */ = {isa = PBXBuildFile; fileRef = 1C3D8C231FD94B71000600D6 /* QQShapViewController.swift */; };
		1C3D8C261FD94B8C000600D6 /* YXPixModel.swift in Sources */ = {isa = PBXBuildFile; fileRef = 1C3D8C251FD94B8C000600D6 /* YXPixModel.swift */; };
		1C5343211FE266E100CE7D3F /* PhysicalView.swift in Sources */ = {isa = PBXBuildFile; fileRef = 1C53431F1FE266E100CE7D3F /* PhysicalView.swift */; };
		1C5343221FE266E100CE7D3F /* MotionViewController.swift in Sources */ = {isa = PBXBuildFile; fileRef = 1C5343201FE266E100CE7D3F /* MotionViewController.swift */; };
		1C5343281FE286EC00CE7D3F /* BubbleView.swift in Sources */ = {isa = PBXBuildFile; fileRef = 1C5343271FE286EC00CE7D3F /* BubbleView.swift */; };
		1C53432A1FE286FA00CE7D3F /* WindowsXPViewController.swift in Sources */ = {isa = PBXBuildFile; fileRef = 1C5343291FE286FA00CE7D3F /* WindowsXPViewController.swift */; };
		1C76B58B1FD4E6CF0094B768 /* AppDelegate.swift in Sources */ = {isa = PBXBuildFile; fileRef = 1C76B58A1FD4E6CF0094B768 /* AppDelegate.swift */; };
		1C76B58D1FD4E6CF0094B768 /* ViewController.swift in Sources */ = {isa = PBXBuildFile; fileRef = 1C76B58C1FD4E6CF0094B768 /* ViewController.swift */; };
		1C76B5901FD4E6CF0094B768 /* Main.storyboard in Resources */ = {isa = PBXBuildFile; fileRef = 1C76B58E1FD4E6CF0094B768 /* Main.storyboard */; };
		1C76B5921FD4E6CF0094B768 /* Assets.xcassets in Resources */ = {isa = PBXBuildFile; fileRef = 1C76B5911FD4E6CF0094B768 /* Assets.xcassets */; };
		1C76B5951FD4E6CF0094B768 /* LaunchScreen.storyboard in Resources */ = {isa = PBXBuildFile; fileRef = 1C76B5931FD4E6CF0094B768 /* LaunchScreen.storyboard */; };
		1C76B59D1FD4E8E50094B768 /* MainViewController.swift in Sources */ = {isa = PBXBuildFile; fileRef = 1C76B59C1FD4E8E50094B768 /* MainViewController.swift */; };
		1C76B5A11FD4E9430094B768 /* Bundle+Extension.swift in Sources */ = {isa = PBXBuildFile; fileRef = 1C76B59F1FD4E9430094B768 /* Bundle+Extension.swift */; };
		1C76B5A21FD4E9430094B768 /* UIView+Extension.swift in Sources */ = {isa = PBXBuildFile; fileRef = 1C76B5A01FD4E9430094B768 /* UIView+Extension.swift */; };
		1C76B5A51FD4ED7C0094B768 /* LineChartViewController.swift in Sources */ = {isa = PBXBuildFile; fileRef = 1C76B5A41FD4ED7C0094B768 /* LineChartViewController.swift */; };
		1C76B5A71FD4ED8A0094B768 /* CurveLineView.swift in Sources */ = {isa = PBXBuildFile; fileRef = 1C76B5A61FD4ED8A0094B768 /* CurveLineView.swift */; };
		1C76B5AA1FD523DF0094B768 /* HexagonViewController.swift in Sources */ = {isa = PBXBuildFile; fileRef = 1C76B5A91FD523DF0094B768 /* HexagonViewController.swift */; };
		1C76B5AC1FD5240D0094B768 /* LiuBianXingView.swift in Sources */ = {isa = PBXBuildFile; fileRef = 1C76B5AB1FD5240D0094B768 /* LiuBianXingView.swift */; };
		1C8076A11FE0FEF9005BAA47 /* nenolight.png in Resources */ = {isa = PBXBuildFile; fileRef = 1C80769F1FE0FEF9005BAA47 /* nenolight.png */; };
		1C8076A21FE0FEF9005BAA47 /* NeonViewController.swift in Sources */ = {isa = PBXBuildFile; fileRef = 1C8076A01FE0FEF9005BAA47 /* NeonViewController.swift */; };
		1CE31F631FDFD090004B8177 /* ButtonsViewController.swift in Sources */ = {isa = PBXBuildFile; fileRef = 1CE31F621FDFD090004B8177 /* ButtonsViewController.swift */; };
		1CE31F651FDFD0FB004B8177 /* WaterRippleButton.swift in Sources */ = {isa = PBXBuildFile; fileRef = 1CE31F641FDFD0FB004B8177 /* WaterRippleButton.swift */; };
		1CE31F671FDFD21E004B8177 /* UIColor+Extension.swift in Sources */ = {isa = PBXBuildFile; fileRef = 1CE31F661FDFD21E004B8177 /* UIColor+Extension.swift */; };
/* End PBXBuildFile section */

/* Begin PBXFileReference section */
		1C0292071FD7EFF10064EF9E /* BBViewController.swift */ = {isa = PBXFileReference; lastKnownFileType = sourcecode.swift; path = BBViewController.swift; sourceTree = "<group>"; };
		1C2776C21FDE85880007679F /* TextShineViewController.swift */ = {isa = PBXFileReference; lastKnownFileType = sourcecode.swift; path = TextShineViewController.swift; sourceTree = "<group>"; };
		1C2776C41FDE85990007679F /* YXShineLabel.swift */ = {isa = PBXFileReference; fileEncoding = 4; lastKnownFileType = sourcecode.swift; path = YXShineLabel.swift; sourceTree = "<group>"; };
		1C39F93F1FD67A3300D00BC7 /* SnowViewController.swift */ = {isa = PBXFileReference; lastKnownFileType = sourcecode.swift; path = SnowViewController.swift; sourceTree = "<group>"; };
		1C39F9431FD67AF500D00BC7 /* snow_1.png */ = {isa = PBXFileReference; lastKnownFileType = image.png; path = snow_1.png; sourceTree = "<group>"; };
		1C39F9441FD67AF500D00BC7 /* snow_2.png */ = {isa = PBXFileReference; lastKnownFileType = image.png; path = snow_2.png; sourceTree = "<group>"; };
		1C39F9451FD67AF500D00BC7 /* snow_3.png */ = {isa = PBXFileReference; lastKnownFileType = image.png; path = snow_3.png; sourceTree = "<group>"; };
		1C39F9461FD67AF500D00BC7 /* snow_4.png */ = {isa = PBXFileReference; lastKnownFileType = image.png; path = snow_4.png; sourceTree = "<group>"; };
		1C39F9471FD67AF500D00BC7 /* snow_5.png */ = {isa = PBXFileReference; lastKnownFileType = image.png; path = snow_5.png; sourceTree = "<group>"; };
		1C39F94F1FD684C000D00BC7 /* ParticleEffecViewController.swift */ = {isa = PBXFileReference; lastKnownFileType = sourcecode.swift; path = ParticleEffecViewController.swift; sourceTree = "<group>"; };
		1C39F9521FD6858100D00BC7 /* snow@2x.png */ = {isa = PBXFileReference; lastKnownFileType = image.png; path = "snow@2x.png"; sourceTree = "<group>"; };
		1C39F95F1FD6883500D00BC7 /* FireworksViewController.swift */ = {isa = PBXFileReference; lastKnownFileType = sourcecode.swift; path = FireworksViewController.swift; sourceTree = "<group>"; };
		1C39F9641FD78A0B00D00BC7 /* rocket.png */ = {isa = PBXFileReference; lastKnownFileType = image.png; path = rocket.png; sourceTree = "<group>"; };
		1C39F9651FD78A0B00D00BC7 /* spark.png */ = {isa = PBXFileReference; lastKnownFileType = image.png; path = spark.png; sourceTree = "<group>"; };
		1C39F9681FD794A100D00BC7 /* YXViewController.swift */ = {isa = PBXFileReference; lastKnownFileType = sourcecode.swift; path = YXViewController.swift; sourceTree = "<group>"; };
		1C3D8C211FD94B43000600D6 /* YXShapLayer.swift */ = {isa = PBXFileReference; lastKnownFileType = sourcecode.swift; path = YXShapLayer.swift; sourceTree = "<group>"; };
		1C3D8C231FD94B71000600D6 /* QQShapViewController.swift */ = {isa = PBXFileReference; lastKnownFileType = sourcecode.swift; path = QQShapViewController.swift; sourceTree = "<group>"; };
		1C3D8C251FD94B8C000600D6 /* YXPixModel.swift */ = {isa = PBXFileReference; lastKnownFileType = sourcecode.swift; path = YXPixModel.swift; sourceTree = "<group>"; };
		1C53431F1FE266E100CE7D3F /* PhysicalView.swift */ = {isa = PBXFileReference; fileEncoding = 4; lastKnownFileType = sourcecode.swift; path = PhysicalView.swift; sourceTree = "<group>"; };
		1C5343201FE266E100CE7D3F /* MotionViewController.swift */ = {isa = PBXFileReference; fileEncoding = 4; lastKnownFileType = sourcecode.swift; path = MotionViewController.swift; sourceTree = "<group>"; };
		1C5343271FE286EC00CE7D3F /* BubbleView.swift */ = {isa = PBXFileReference; fileEncoding = 4; lastKnownFileType = sourcecode.swift; path = BubbleView.swift; sourceTree = "<group>"; };
		1C5343291FE286FA00CE7D3F /* WindowsXPViewController.swift */ = {isa = PBXFileReference; lastKnownFileType = sourcecode.swift; path = WindowsXPViewController.swift; sourceTree = "<group>"; };
		1C76B5871FD4E6CF0094B768 /* Animations.app */ = {isa = PBXFileReference; explicitFileType = wrapper.application; includeInIndex = 0; path = Animations.app; sourceTree = BUILT_PRODUCTS_DIR; };
		1C76B58A1FD4E6CF0094B768 /* AppDelegate.swift */ = {isa = PBXFileReference; lastKnownFileType = sourcecode.swift; path = AppDelegate.swift; sourceTree = "<group>"; };
		1C76B58C1FD4E6CF0094B768 /* ViewController.swift */ = {isa = PBXFileReference; lastKnownFileType = sourcecode.swift; path = ViewController.swift; sourceTree = "<group>"; };
		1C76B58F1FD4E6CF0094B768 /* Base */ = {isa = PBXFileReference; lastKnownFileType = file.storyboard; name = Base; path = Base.lproj/Main.storyboard; sourceTree = "<group>"; };
		1C76B5911FD4E6CF0094B768 /* Assets.xcassets */ = {isa = PBXFileReference; lastKnownFileType = folder.assetcatalog; path = Assets.xcassets; sourceTree = "<group>"; };
		1C76B5941FD4E6CF0094B768 /* Base */ = {isa = PBXFileReference; lastKnownFileType = file.storyboard; name = Base; path = Base.lproj/LaunchScreen.storyboard; sourceTree = "<group>"; };
		1C76B5961FD4E6CF0094B768 /* Info.plist */ = {isa = PBXFileReference; lastKnownFileType = text.plist.xml; path = Info.plist; sourceTree = "<group>"; };
		1C76B59C1FD4E8E50094B768 /* MainViewController.swift */ = {isa = PBXFileReference; fileEncoding = 4; lastKnownFileType = sourcecode.swift; path = MainViewController.swift; sourceTree = "<group>"; };
		1C76B59F1FD4E9430094B768 /* Bundle+Extension.swift */ = {isa = PBXFileReference; fileEncoding = 4; lastKnownFileType = sourcecode.swift; path = "Bundle+Extension.swift"; sourceTree = "<group>"; };
		1C76B5A01FD4E9430094B768 /* UIView+Extension.swift */ = {isa = PBXFileReference; fileEncoding = 4; lastKnownFileType = sourcecode.swift; path = "UIView+Extension.swift"; sourceTree = "<group>"; };
		1C76B5A41FD4ED7C0094B768 /* LineChartViewController.swift */ = {isa = PBXFileReference; lastKnownFileType = sourcecode.swift; path = LineChartViewController.swift; sourceTree = "<group>"; };
		1C76B5A61FD4ED8A0094B768 /* CurveLineView.swift */ = {isa = PBXFileReference; fileEncoding = 4; lastKnownFileType = sourcecode.swift; path = CurveLineView.swift; sourceTree = "<group>"; };
		1C76B5A91FD523DF0094B768 /* HexagonViewController.swift */ = {isa = PBXFileReference; lastKnownFileType = sourcecode.swift; path = HexagonViewController.swift; sourceTree = "<group>"; };
		1C76B5AB1FD5240D0094B768 /* LiuBianXingView.swift */ = {isa = PBXFileReference; fileEncoding = 4; lastKnownFileType = sourcecode.swift; path = LiuBianXingView.swift; sourceTree = "<group>"; };
		1C80769F1FE0FEF9005BAA47 /* nenolight.png */ = {isa = PBXFileReference; lastKnownFileType = image.png; path = nenolight.png; sourceTree = "<group>"; };
		1C8076A01FE0FEF9005BAA47 /* NeonViewController.swift */ = {isa = PBXFileReference; fileEncoding = 4; lastKnownFileType = sourcecode.swift; path = NeonViewController.swift; sourceTree = "<group>"; };
		1CE31F621FDFD090004B8177 /* ButtonsViewController.swift */ = {isa = PBXFileReference; lastKnownFileType = sourcecode.swift; path = ButtonsViewController.swift; sourceTree = "<group>"; };
		1CE31F641FDFD0FB004B8177 /* WaterRippleButton.swift */ = {isa = PBXFileReference; lastKnownFileType = sourcecode.swift; path = WaterRippleButton.swift; sourceTree = "<group>"; };
		1CE31F661FDFD21E004B8177 /* UIColor+Extension.swift */ = {isa = PBXFileReference; lastKnownFileType = sourcecode.swift; path = "UIColor+Extension.swift"; sourceTree = "<group>"; };
/* End PBXFileReference section */

/* Begin PBXFrameworksBuildPhase section */
		1C76B5841FD4E6CF0094B768 /* Frameworks */ = {
			isa = PBXFrameworksBuildPhase;
			buildActionMask = 2147483647;
			files = (
			);
			runOnlyForDeploymentPostprocessing = 0;
		};
/* End PBXFrameworksBuildPhase section */

/* Begin PBXGroup section */
		1C0291F91FD7C22D0064EF9E /* QQShapViewController */ = {
			isa = PBXGroup;
			children = (
				1C3D8C231FD94B71000600D6 /* QQShapViewController.swift */,
				1C3D8C211FD94B43000600D6 /* YXShapLayer.swift */,
				1C3D8C251FD94B8C000600D6 /* YXPixModel.swift */,
			);
			path = QQShapViewController;
			sourceTree = "<group>";
		};
		1C0292061FD7EFDF0064EF9E /* BBViewController */ = {
			isa = PBXGroup;
			children = (
				1C0292071FD7EFF10064EF9E /* BBViewController.swift */,
			);
			path = BBViewController;
			sourceTree = "<group>";
		};
		1C2776C11FDE856C0007679F /* TextShineViewController */ = {
			isa = PBXGroup;
			children = (
				1C2776C21FDE85880007679F /* TextShineViewController.swift */,
				1C2776C41FDE85990007679F /* YXShineLabel.swift */,
			);
			path = TextShineViewController;
			sourceTree = "<group>";
		};
		1C39F93E1FD67A2300D00BC7 /* SnowViewController */ = {
			isa = PBXGroup;
			children = (
				1C39F9411FD67AF500D00BC7 /* snow_image */,
				1C39F93F1FD67A3300D00BC7 /* SnowViewController.swift */,
			);
			path = SnowViewController;
			sourceTree = "<group>";
		};
		1C39F9411FD67AF500D00BC7 /* snow_image */ = {
			isa = PBXGroup;
			children = (
				1C39F9431FD67AF500D00BC7 /* snow_1.png */,
				1C39F9441FD67AF500D00BC7 /* snow_2.png */,
				1C39F9451FD67AF500D00BC7 /* snow_3.png */,
				1C39F9461FD67AF500D00BC7 /* snow_4.png */,
				1C39F9471FD67AF500D00BC7 /* snow_5.png */,
			);
			path = snow_image;
			sourceTree = "<group>";
		};
		1C39F94E1FD684AF00D00BC7 /* ParticleEffecViewController */ = {
			isa = PBXGroup;
			children = (
				1C39F9511FD6858100D00BC7 /* snow_image */,
				1C39F94F1FD684C000D00BC7 /* ParticleEffecViewController.swift */,
			);
			path = ParticleEffecViewController;
			sourceTree = "<group>";
		};
		1C39F9511FD6858100D00BC7 /* snow_image */ = {
			isa = PBXGroup;
			children = (
				1C39F9521FD6858100D00BC7 /* snow@2x.png */,
			);
			path = snow_image;
			sourceTree = "<group>";
		};
		1C39F95E1FD6882600D00BC7 /* FireworksViewController */ = {
			isa = PBXGroup;
			children = (
				1C39F9631FD78A0B00D00BC7 /* firework_images */,
				1C39F95F1FD6883500D00BC7 /* FireworksViewController.swift */,
			);
			path = FireworksViewController;
			sourceTree = "<group>";
		};
		1C39F9631FD78A0B00D00BC7 /* firework_images */ = {
			isa = PBXGroup;
			children = (
				1C39F9641FD78A0B00D00BC7 /* rocket.png */,
				1C39F9651FD78A0B00D00BC7 /* spark.png */,
			);
			path = firework_images;
			sourceTree = "<group>";
		};
		1C3D8C311FDA6E17000600D6 /* ViewControllers */ = {
			isa = PBXGroup;
			children = (
				1C5343261FE286E300CE7D3F /* WindowsXPViewController */,
				1C53431E1FE266D400CE7D3F /* MotionViewController */,
				1C80769D1FE0FEF9005BAA47 /* NeonViewController */,
				1CE31F611FDFD078004B8177 /* ButtonsViewController */,
				1C2776C11FDE856C0007679F /* TextShineViewController */,
				1C0292061FD7EFDF0064EF9E /* BBViewController */,
				1C0291F91FD7C22D0064EF9E /* QQShapViewController */,
				1C39F95E1FD6882600D00BC7 /* FireworksViewController */,
				1C39F94E1FD684AF00D00BC7 /* ParticleEffecViewController */,
				1C39F93E1FD67A2300D00BC7 /* SnowViewController */,
				1C76B5A81FD523D20094B768 /* HexagonViewController */,
				1C76B5A31FD4ED290094B768 /* LineChartViewController */,
			);
			path = ViewControllers;
			sourceTree = "<group>";
		};
		1C53431E1FE266D400CE7D3F /* MotionViewController */ = {
			isa = PBXGroup;
			children = (
				1C5343201FE266E100CE7D3F /* MotionViewController.swift */,
				1C53431F1FE266E100CE7D3F /* PhysicalView.swift */,
			);
			path = MotionViewController;
			sourceTree = "<group>";
		};
		1C5343261FE286E300CE7D3F /* WindowsXPViewController */ = {
			isa = PBXGroup;
			children = (
				1C5343291FE286FA00CE7D3F /* WindowsXPViewController.swift */,
				1C5343271FE286EC00CE7D3F /* BubbleView.swift */,
			);
			path = WindowsXPViewController;
			sourceTree = "<group>";
		};
		1C76B57E1FD4E6CF0094B768 = {
			isa = PBXGroup;
			children = (
				1C76B5891FD4E6CF0094B768 /* Animations */,
				1C76B5881FD4E6CF0094B768 /* Products */,
			);
			sourceTree = "<group>";
		};
		1C76B5881FD4E6CF0094B768 /* Products */ = {
			isa = PBXGroup;
			children = (
				1C76B5871FD4E6CF0094B768 /* Animations.app */,
			);
			name = Products;
			sourceTree = "<group>";
		};
		1C76B5891FD4E6CF0094B768 /* Animations */ = {
			isa = PBXGroup;
			children = (
				1C3D8C311FDA6E17000600D6 /* ViewControllers */,
				1C76B58A1FD4E6CF0094B768 /* AppDelegate.swift */,
				1C76B59C1FD4E8E50094B768 /* MainViewController.swift */,
				1C76B58C1FD4E6CF0094B768 /* ViewController.swift */,
				1C39F9681FD794A100D00BC7 /* YXViewController.swift */,
				1C76B58E1FD4E6CF0094B768 /* Main.storyboard */,
				1C76B5911FD4E6CF0094B768 /* Assets.xcassets */,
				1C76B5931FD4E6CF0094B768 /* LaunchScreen.storyboard */,
				1C76B5961FD4E6CF0094B768 /* Info.plist */,
				1C76B59E1FD4E9430094B768 /* Tools */,
			);
			path = Animations;
			sourceTree = "<group>";
		};
		1C76B59E1FD4E9430094B768 /* Tools */ = {
			isa = PBXGroup;
			children = (
				1C76B59F1FD4E9430094B768 /* Bundle+Extension.swift */,
				1C76B5A01FD4E9430094B768 /* UIView+Extension.swift */,
				1CE31F661FDFD21E004B8177 /* UIColor+Extension.swift */,
			);
			path = Tools;
			sourceTree = "<group>";
		};
		1C76B5A31FD4ED290094B768 /* LineChartViewController */ = {
			isa = PBXGroup;
			children = (
				1C76B5A41FD4ED7C0094B768 /* LineChartViewController.swift */,
				1C76B5A61FD4ED8A0094B768 /* CurveLineView.swift */,
			);
			path = LineChartViewController;
			sourceTree = "<group>";
		};
		1C76B5A81FD523D20094B768 /* HexagonViewController */ = {
			isa = PBXGroup;
			children = (
				1C76B5A91FD523DF0094B768 /* HexagonViewController.swift */,
				1C76B5AB1FD5240D0094B768 /* LiuBianXingView.swift */,
			);
			path = HexagonViewController;
			sourceTree = "<group>";
		};
		1C80769D1FE0FEF9005BAA47 /* NeonViewController */ = {
			isa = PBXGroup;
			children = (
				1C80769E1FE0FEF9005BAA47 /* images */,
				1C8076A01FE0FEF9005BAA47 /* NeonViewController.swift */,
			);
			path = NeonViewController;
			sourceTree = "<group>";
		};
		1C80769E1FE0FEF9005BAA47 /* images */ = {
			isa = PBXGroup;
			children = (
				1C80769F1FE0FEF9005BAA47 /* nenolight.png */,
			);
			path = images;
			sourceTree = "<group>";
		};
		1CE31F611FDFD078004B8177 /* ButtonsViewController */ = {
			isa = PBXGroup;
			children = (
				1CE31F621FDFD090004B8177 /* ButtonsViewController.swift */,
				1CE31F641FDFD0FB004B8177 /* WaterRippleButton.swift */,
			);
			path = ButtonsViewController;
			sourceTree = "<group>";
		};
/* End PBXGroup section */

/* Begin PBXNativeTarget section */
		1C76B5861FD4E6CF0094B768 /* Animations */ = {
			isa = PBXNativeTarget;
			buildConfigurationList = 1C76B5991FD4E6CF0094B768 /* Build configuration list for PBXNativeTarget "Animations" */;
			buildPhases = (
				1C76B5831FD4E6CF0094B768 /* Sources */,
				1C76B5841FD4E6CF0094B768 /* Frameworks */,
				1C76B5851FD4E6CF0094B768 /* Resources */,
			);
			buildRules = (
			);
			dependencies = (
			);
			name = Animations;
			productName = Animations;
			productReference = 1C76B5871FD4E6CF0094B768 /* Animations.app */;
			productType = "com.apple.product-type.application";
		};
/* End PBXNativeTarget section */

/* Begin PBXProject section */
		1C76B57F1FD4E6CF0094B768 /* Project object */ = {
			isa = PBXProject;
			attributes = {
				LastSwiftUpdateCheck = 0910;
				LastUpgradeCheck = 0910;
				ORGANIZATIONNAME = sunny;
				TargetAttributes = {
					1C76B5861FD4E6CF0094B768 = {
						CreatedOnToolsVersion = 9.1;
						ProvisioningStyle = Automatic;
					};
				};
			};
			buildConfigurationList = 1C76B5821FD4E6CF0094B768 /* Build configuration list for PBXProject "Animations" */;
			compatibilityVersion = "Xcode 8.0";
			developmentRegion = en;
			hasScannedForEncodings = 0;
			knownRegions = (
				en,
				Base,
			);
			mainGroup = 1C76B57E1FD4E6CF0094B768;
			productRefGroup = 1C76B5881FD4E6CF0094B768 /* Products */;
			projectDirPath = "";
			projectRoot = "";
			targets = (
				1C76B5861FD4E6CF0094B768 /* Animations */,
			);
		};
/* End PBXProject section */

/* Begin PBXResourcesBuildPhase section */
		1C76B5851FD4E6CF0094B768 /* Resources */ = {
			isa = PBXResourcesBuildPhase;
			buildActionMask = 2147483647;
			files = (
				1C39F9671FD78A0B00D00BC7 /* spark.png in Resources */,
				1C76B5951FD4E6CF0094B768 /* LaunchScreen.storyboard in Resources */,
				1C39F9661FD78A0B00D00BC7 /* rocket.png in Resources */,
				1C39F9581FD6858100D00BC7 /* snow@2x.png in Resources */,
				1C8076A11FE0FEF9005BAA47 /* nenolight.png in Resources */,
				1C39F94A1FD67AF500D00BC7 /* snow_2.png in Resources */,
				1C39F9491FD67AF500D00BC7 /* snow_1.png in Resources */,
				1C76B5921FD4E6CF0094B768 /* Assets.xcassets in Resources */,
				1C76B5901FD4E6CF0094B768 /* Main.storyboard in Resources */,
				1C39F94B1FD67AF500D00BC7 /* snow_3.png in Resources */,
				1C39F94D1FD67AF500D00BC7 /* snow_5.png in Resources */,
				1C39F94C1FD67AF500D00BC7 /* snow_4.png in Resources */,
			);
			runOnlyForDeploymentPostprocessing = 0;
		};
/* End PBXResourcesBuildPhase section */

/* Begin PBXSourcesBuildPhase section */
		1C76B5831FD4E6CF0094B768 /* Sources */ = {
			isa = PBXSourcesBuildPhase;
			buildActionMask = 2147483647;
			files = (
				1C76B59D1FD4E8E50094B768 /* MainViewController.swift in Sources */,
				1CE31F651FDFD0FB004B8177 /* WaterRippleButton.swift in Sources */,
				1C2776C51FDE85990007679F /* YXShineLabel.swift in Sources */,
				1CE31F671FDFD21E004B8177 /* UIColor+Extension.swift in Sources */,
				1C76B5A51FD4ED7C0094B768 /* LineChartViewController.swift in Sources */,
				1C3D8C241FD94B71000600D6 /* QQShapViewController.swift in Sources */,
				1C5343281FE286EC00CE7D3F /* BubbleView.swift in Sources */,
				1C8076A21FE0FEF9005BAA47 /* NeonViewController.swift in Sources */,
				1C53432A1FE286FA00CE7D3F /* WindowsXPViewController.swift in Sources */,
				1C76B58D1FD4E6CF0094B768 /* ViewController.swift in Sources */,
				1C76B5A71FD4ED8A0094B768 /* CurveLineView.swift in Sources */,
				1C2776C31FDE85880007679F /* TextShineViewController.swift in Sources */,
				1C3D8C221FD94B43000600D6 /* YXShapLayer.swift in Sources */,
				1C3D8C261FD94B8C000600D6 /* YXPixModel.swift in Sources */,
				1C0292081FD7EFF10064EF9E /* BBViewController.swift in Sources */,
				1C76B58B1FD4E6CF0094B768 /* AppDelegate.swift in Sources */,
				1C76B5AC1FD5240D0094B768 /* LiuBianXingView.swift in Sources */,
				1CE31F631FDFD090004B8177 /* ButtonsViewController.swift in Sources */,
				1C76B5A21FD4E9430094B768 /* UIView+Extension.swift in Sources */,
				1C76B5A11FD4E9430094B768 /* Bundle+Extension.swift in Sources */,
				1C39F9501FD684C000D00BC7 /* ParticleEffecViewController.swift in Sources */,
				1C5343221FE266E100CE7D3F /* MotionViewController.swift in Sources */,
				1C76B5AA1FD523DF0094B768 /* HexagonViewController.swift in Sources */,
				1C39F9401FD67A3300D00BC7 /* SnowViewController.swift in Sources */,
				1C5343211FE266E100CE7D3F /* PhysicalView.swift in Sources */,
				1C39F9601FD6883500D00BC7 /* FireworksViewController.swift in Sources */,
				1C39F9691FD794A100D00BC7 /* YXViewController.swift in Sources */,
			);
			runOnlyForDeploymentPostprocessing = 0;
		};
/* End PBXSourcesBuildPhase section */

/* Begin PBXVariantGroup section */
		1C76B58E1FD4E6CF0094B768 /* Main.storyboard */ = {
			isa = PBXVariantGroup;
			children = (
				1C76B58F1FD4E6CF0094B768 /* Base */,
			);
			name = Main.storyboard;
			sourceTree = "<group>";
		};
		1C76B5931FD4E6CF0094B768 /* LaunchScreen.storyboard */ = {
			isa = PBXVariantGroup;
			children = (
				1C76B5941FD4E6CF0094B768 /* Base */,
			);
			name = LaunchScreen.storyboard;
			sourceTree = "<group>";
		};
/* End PBXVariantGroup section */

/* Begin XCBuildConfiguration section */
		1C76B5971FD4E6CF0094B768 /* Debug */ = {
			isa = XCBuildConfiguration;
			buildSettings = {
				ALWAYS_SEARCH_USER_PATHS = NO;
				CLANG_ANALYZER_NONNULL = YES;
				CLANG_ANALYZER_NUMBER_OBJECT_CONVERSION = YES_AGGRESSIVE;
				CLANG_CXX_LANGUAGE_STANDARD = "gnu++14";
				CLANG_CXX_LIBRARY = "libc++";
				CLANG_ENABLE_MODULES = YES;
				CLANG_ENABLE_OBJC_ARC = YES;
				CLANG_WARN_BLOCK_CAPTURE_AUTORELEASING = YES;
				CLANG_WARN_BOOL_CONVERSION = YES;
				CLANG_WARN_COMMA = YES;
				CLANG_WARN_CONSTANT_CONVERSION = YES;
				CLANG_WARN_DIRECT_OBJC_ISA_USAGE = YES_ERROR;
				CLANG_WARN_DOCUMENTATION_COMMENTS = YES;
				CLANG_WARN_EMPTY_BODY = YES;
				CLANG_WARN_ENUM_CONVERSION = YES;
				CLANG_WARN_INFINITE_RECURSION = YES;
				CLANG_WARN_INT_CONVERSION = YES;
				CLANG_WARN_NON_LITERAL_NULL_CONVERSION = YES;
				CLANG_WARN_OBJC_LITERAL_CONVERSION = YES;
				CLANG_WARN_OBJC_ROOT_CLASS = YES_ERROR;
				CLANG_WARN_RANGE_LOOP_ANALYSIS = YES;
				CLANG_WARN_STRICT_PROTOTYPES = YES;
				CLANG_WARN_SUSPICIOUS_MOVE = YES;
				CLANG_WARN_UNGUARDED_AVAILABILITY = YES_AGGRESSIVE;
				CLANG_WARN_UNREACHABLE_CODE = YES;
				CLANG_WARN__DUPLICATE_METHOD_MATCH = YES;
				CODE_SIGN_IDENTITY = "iPhone Developer";
				COPY_PHASE_STRIP = NO;
				DEBUG_INFORMATION_FORMAT = dwarf;
				ENABLE_STRICT_OBJC_MSGSEND = YES;
				ENABLE_TESTABILITY = YES;
				GCC_C_LANGUAGE_STANDARD = gnu11;
				GCC_DYNAMIC_NO_PIC = NO;
				GCC_NO_COMMON_BLOCKS = YES;
				GCC_OPTIMIZATION_LEVEL = 0;
				GCC_PREPROCESSOR_DEFINITIONS = (
					"DEBUG=1",
					"$(inherited)",
				);
				GCC_WARN_64_TO_32_BIT_CONVERSION = YES;
				GCC_WARN_ABOUT_RETURN_TYPE = YES_ERROR;
				GCC_WARN_UNDECLARED_SELECTOR = YES;
				GCC_WARN_UNINITIALIZED_AUTOS = YES_AGGRESSIVE;
				GCC_WARN_UNUSED_FUNCTION = YES;
				GCC_WARN_UNUSED_VARIABLE = YES;
				IPHONEOS_DEPLOYMENT_TARGET = 11.1;
				MTL_ENABLE_DEBUG_INFO = YES;
				ONLY_ACTIVE_ARCH = YES;
				SDKROOT = iphoneos;
				SWIFT_ACTIVE_COMPILATION_CONDITIONS = DEBUG;
				SWIFT_OPTIMIZATION_LEVEL = "-Onone";
			};
			name = Debug;
		};
		1C76B5981FD4E6CF0094B768 /* Release */ = {
			isa = XCBuildConfiguration;
			buildSettings = {
				ALWAYS_SEARCH_USER_PATHS = NO;
				CLANG_ANALYZER_NONNULL = YES;
				CLANG_ANALYZER_NUMBER_OBJECT_CONVERSION = YES_AGGRESSIVE;
				CLANG_CXX_LANGUAGE_STANDARD = "gnu++14";
				CLANG_CXX_LIBRARY = "libc++";
				CLANG_ENABLE_MODULES = YES;
				CLANG_ENABLE_OBJC_ARC = YES;
				CLANG_WARN_BLOCK_CAPTURE_AUTORELEASING = YES;
				CLANG_WARN_BOOL_CONVERSION = YES;
				CLANG_WARN_COMMA = YES;
				CLANG_WARN_CONSTANT_CONVERSION = YES;
				CLANG_WARN_DIRECT_OBJC_ISA_USAGE = YES_ERROR;
				CLANG_WARN_DOCUMENTATION_COMMENTS = YES;
				CLANG_WARN_EMPTY_BODY = YES;
				CLANG_WARN_ENUM_CONVERSION = YES;
				CLANG_WARN_INFINITE_RECURSION = YES;
				CLANG_WARN_INT_CONVERSION = YES;
				CLANG_WARN_NON_LITERAL_NULL_CONVERSION = YES;
				CLANG_WARN_OBJC_LITERAL_CONVERSION = YES;
				CLANG_WARN_OBJC_ROOT_CLASS = YES_ERROR;
				CLANG_WARN_RANGE_LOOP_ANALYSIS = YES;
				CLANG_WARN_STRICT_PROTOTYPES = YES;
				CLANG_WARN_SUSPICIOUS_MOVE = YES;
				CLANG_WARN_UNGUARDED_AVAILABILITY = YES_AGGRESSIVE;
				CLANG_WARN_UNREACHABLE_CODE = YES;
				CLANG_WARN__DUPLICATE_METHOD_MATCH = YES;
				CODE_SIGN_IDENTITY = "iPhone Developer";
				COPY_PHASE_STRIP = NO;
				DEBUG_INFORMATION_FORMAT = "dwarf-with-dsym";
				ENABLE_NS_ASSERTIONS = NO;
				ENABLE_STRICT_OBJC_MSGSEND = YES;
				GCC_C_LANGUAGE_STANDARD = gnu11;
				GCC_NO_COMMON_BLOCKS = YES;
				GCC_WARN_64_TO_32_BIT_CONVERSION = YES;
				GCC_WARN_ABOUT_RETURN_TYPE = YES_ERROR;
				GCC_WARN_UNDECLARED_SELECTOR = YES;
				GCC_WARN_UNINITIALIZED_AUTOS = YES_AGGRESSIVE;
				GCC_WARN_UNUSED_FUNCTION = YES;
				GCC_WARN_UNUSED_VARIABLE = YES;
				IPHONEOS_DEPLOYMENT_TARGET = 11.1;
				MTL_ENABLE_DEBUG_INFO = NO;
				SDKROOT = iphoneos;
				SWIFT_OPTIMIZATION_LEVEL = "-Owholemodule";
				VALIDATE_PRODUCT = YES;
			};
			name = Release;
		};
		1C76B59A1FD4E6CF0094B768 /* Debug */ = {
			isa = XCBuildConfiguration;
			buildSettings = {
				ASSETCATALOG_COMPILER_APPICON_NAME = AppIcon;
				"CODE_SIGN_IDENTITY[sdk=iphoneos*]" = "iPhone Developer";
				CODE_SIGN_STYLE = Automatic;
				DEVELOPMENT_TEAM = 9X3RT5648E;
				INFOPLIST_FILE = Animations/Info.plist;
				IPHONEOS_DEPLOYMENT_TARGET = 9.0;
				LD_RUNPATH_SEARCH_PATHS = "$(inherited) @executable_path/Frameworks";
				PRODUCT_BUNDLE_IDENTIFIER = com.yuency.Animations;
				PRODUCT_NAME = "$(TARGET_NAME)";
				PROVISIONING_PROFILE_SPECIFIER = "";
				SWIFT_VERSION = 4.0;
				TARGETED_DEVICE_FAMILY = "1,2";
			};
			name = Debug;
		};
		1C76B59B1FD4E6CF0094B768 /* Release */ = {
			isa = XCBuildConfiguration;
			buildSettings = {
				ASSETCATALOG_COMPILER_APPICON_NAME = AppIcon;
				"CODE_SIGN_IDENTITY[sdk=iphoneos*]" = "iPhone Developer";
				CODE_SIGN_STYLE = Automatic;
				DEVELOPMENT_TEAM = 9X3RT5648E;
				INFOPLIST_FILE = Animations/Info.plist;
				IPHONEOS_DEPLOYMENT_TARGET = 9.0;
				LD_RUNPATH_SEARCH_PATHS = "$(inherited) @executable_path/Frameworks";
				PRODUCT_BUNDLE_IDENTIFIER = com.yuency.Animations;
				PRODUCT_NAME = "$(TARGET_NAME)";
				PROVISIONING_PROFILE_SPECIFIER = "";
				SWIFT_VERSION = 4.0;
				TARGETED_DEVICE_FAMILY = "1,2";
			};
			name = Release;
		};
/* End XCBuildConfiguration section */

/* Begin XCConfigurationList section */
		1C76B5821FD4E6CF0094B768 /* Build configuration list for PBXProject "Animations" */ = {
			isa = XCConfigurationList;
			buildConfigurations = (
				1C76B5971FD4E6CF0094B768 /* Debug */,
				1C76B5981FD4E6CF0094B768 /* Release */,
			);
			defaultConfigurationIsVisible = 0;
			defaultConfigurationName = Release;
		};
		1C76B5991FD4E6CF0094B768 /* Build configuration list for PBXNativeTarget "Animations" */ = {
			isa = XCConfigurationList;
			buildConfigurations = (
				1C76B59A1FD4E6CF0094B768 /* Debug */,
				1C76B59B1FD4E6CF0094B768 /* Release */,
			);
			defaultConfigurationIsVisible = 0;
			defaultConfigurationName = Release;
		};
/* End XCConfigurationList section */
	};
	rootObject = 1C76B57F1FD4E6CF0094B768 /* Project object */;
}
